// !$*UTF8*$!
{
	archiveVersion = 1;
	classes = {
	};
	objectVersion = 46;
	objects = {

/* Begin PBXBuildFile section */
		0543BCC81B23FFFF006A49C5 /* AddCalendarEventViewController.m in Sources */ = {isa = PBXBuildFile; fileRef = 0543BCC71B23FFFF006A49C5 /* AddCalendarEventViewController.m */; };
		0543BCCB1B241F4B006A49C5 /* calendar.png in Resources */ = {isa = PBXBuildFile; fileRef = 0543BCCA1B241F4B006A49C5 /* calendar.png */; };
		05529D611B272F060055ADAB /* MessageUI.framework in Frameworks */ = {isa = PBXBuildFile; fileRef = 05529D601B272F060055ADAB /* MessageUI.framework */; };
		05529D641B2737DF0055ADAB /* CalendarEventsTableViewController.m in Sources */ = {isa = PBXBuildFile; fileRef = 05529D631B2737DF0055ADAB /* CalendarEventsTableViewController.m */; };
		05529D671B27B1680055ADAB /* ViewCalendarEventViewController.m in Sources */ = {isa = PBXBuildFile; fileRef = 05529D661B27B1680055ADAB /* ViewCalendarEventViewController.m */; };
		0557E95C1B44EC3C005BEFAE /* CAicons-1.png in Resources */ = {isa = PBXBuildFile; fileRef = 0557E9421B44EC3C005BEFAE /* CAicons-1.png */; };
		0557E95D1B44EC3C005BEFAE /* CAicons-2.png in Resources */ = {isa = PBXBuildFile; fileRef = 0557E9431B44EC3C005BEFAE /* CAicons-2.png */; };
		0557E95E1B44EC3C005BEFAE /* CAicons-3.png in Resources */ = {isa = PBXBuildFile; fileRef = 0557E9441B44EC3C005BEFAE /* CAicons-3.png */; };
		0557E95F1B44EC3C005BEFAE /* CAicons-4.png in Resources */ = {isa = PBXBuildFile; fileRef = 0557E9451B44EC3C005BEFAE /* CAicons-4.png */; };
		0557E9601B44EC3C005BEFAE /* CAicons-5.png in Resources */ = {isa = PBXBuildFile; fileRef = 0557E9461B44EC3C005BEFAE /* CAicons-5.png */; };
		0557E9611B44EC3C005BEFAE /* CAicons-6.png in Resources */ = {isa = PBXBuildFile; fileRef = 0557E9471B44EC3C005BEFAE /* CAicons-6.png */; };
		0557E9621B44EC3C005BEFAE /* CAicons-7.png in Resources */ = {isa = PBXBuildFile; fileRef = 0557E9481B44EC3C005BEFAE /* CAicons-7.png */; };
		0557E9631B44EC3C005BEFAE /* CAicons-8.png in Resources */ = {isa = PBXBuildFile; fileRef = 0557E9491B44EC3C005BEFAE /* CAicons-8.png */; };
		0557E9641B44EC3C005BEFAE /* CAicons-9.png in Resources */ = {isa = PBXBuildFile; fileRef = 0557E94A1B44EC3C005BEFAE /* CAicons-9.png */; };
		0557E9651B44EC3C005BEFAE /* CAicons-10.png in Resources */ = {isa = PBXBuildFile; fileRef = 0557E94B1B44EC3C005BEFAE /* CAicons-10.png */; };
		0557E9661B44EC3C005BEFAE /* CAicons-11.png in Resources */ = {isa = PBXBuildFile; fileRef = 0557E94C1B44EC3C005BEFAE /* CAicons-11.png */; };
		0557E9671B44EC3C005BEFAE /* CAicons-12.png in Resources */ = {isa = PBXBuildFile; fileRef = 0557E94D1B44EC3C005BEFAE /* CAicons-12.png */; };
		0557E9681B44EC3C005BEFAE /* CAicons-13.png in Resources */ = {isa = PBXBuildFile; fileRef = 0557E94E1B44EC3C005BEFAE /* CAicons-13.png */; };
		0557E9691B44EC3C005BEFAE /* CAicons-14.png in Resources */ = {isa = PBXBuildFile; fileRef = 0557E94F1B44EC3C005BEFAE /* CAicons-14.png */; };
		0557E96A1B44EC3C005BEFAE /* CAicons-15.png in Resources */ = {isa = PBXBuildFile; fileRef = 0557E9501B44EC3C005BEFAE /* CAicons-15.png */; };
		0557E96B1B44EC3C005BEFAE /* CAicons-16.png in Resources */ = {isa = PBXBuildFile; fileRef = 0557E9511B44EC3C005BEFAE /* CAicons-16.png */; };
		0557E96C1B44EC3C005BEFAE /* CAicons-17.png in Resources */ = {isa = PBXBuildFile; fileRef = 0557E9521B44EC3C005BEFAE /* CAicons-17.png */; };
		0557E96D1B44EC3C005BEFAE /* CAicons-18.png in Resources */ = {isa = PBXBuildFile; fileRef = 0557E9531B44EC3C005BEFAE /* CAicons-18.png */; };
		0557E96E1B44EC3C005BEFAE /* CAicons-19.png in Resources */ = {isa = PBXBuildFile; fileRef = 0557E9541B44EC3C005BEFAE /* CAicons-19.png */; };
		0557E96F1B44EC3C005BEFAE /* CAicons-20.png in Resources */ = {isa = PBXBuildFile; fileRef = 0557E9551B44EC3C005BEFAE /* CAicons-20.png */; };
		0557E9701B44EC3C005BEFAE /* CAicons-21.png in Resources */ = {isa = PBXBuildFile; fileRef = 0557E9561B44EC3C005BEFAE /* CAicons-21.png */; };
		0557E9711B44EC3C005BEFAE /* CAicons-22.png in Resources */ = {isa = PBXBuildFile; fileRef = 0557E9571B44EC3C005BEFAE /* CAicons-22.png */; };
		0557E9721B44EC3C005BEFAE /* CAicons-23.png in Resources */ = {isa = PBXBuildFile; fileRef = 0557E9581B44EC3C005BEFAE /* CAicons-23.png */; };
		0557E9731B44EC3C005BEFAE /* CAicons-24.png in Resources */ = {isa = PBXBuildFile; fileRef = 0557E9591B44EC3C005BEFAE /* CAicons-24.png */; };
		0557E9741B44EC3C005BEFAE /* CAicons-25.png in Resources */ = {isa = PBXBuildFile; fileRef = 0557E95A1B44EC3C005BEFAE /* CAicons-25.png */; };
		0557E9751B44EC3C005BEFAE /* CAicons-26.png in Resources */ = {isa = PBXBuildFile; fileRef = 0557E95B1B44EC3C005BEFAE /* CAicons-26.png */; };
		055BC87C1B3884F700596CE0 /* GradeGraphView.swift in Sources */ = {isa = PBXBuildFile; fileRef = 055BC87B1B3884F700596CE0 /* GradeGraphView.swift */; };
		056F29721B22910E001AE97C /* GradeIndicatorView.m in Sources */ = {isa = PBXBuildFile; fileRef = 056F29711B22910E001AE97C /* GradeIndicatorView.m */; };
		05773E991B44847200021704 /* iCarousel.m in Sources */ = {isa = PBXBuildFile; fileRef = 05773E981B44847200021704 /* iCarousel.m */; settings = {COMPILER_FLAGS = "-fno-objc-arc"; }; };
		0577EF321B46FD3B00EDF517 /* FBSDKCoreKit.framework in Frameworks */ = {isa = PBXBuildFile; fileRef = 0577EF2F1B46FD3B00EDF517 /* FBSDKCoreKit.framework */; };
		0577EF331B46FD3B00EDF517 /* FBSDKLoginKit.framework in Frameworks */ = {isa = PBXBuildFile; fileRef = 0577EF301B46FD3B00EDF517 /* FBSDKLoginKit.framework */; };
		0577EF341B46FD3B00EDF517 /* FBSDKShareKit.framework in Frameworks */ = {isa = PBXBuildFile; fileRef = 0577EF311B46FD3B00EDF517 /* FBSDKShareKit.framework */; };
		057FD7281B4B89120038E73C /* CustomCellBackground.m in Sources */ = {isa = PBXBuildFile; fileRef = 057FD7271B4B89120038E73C /* CustomCellBackground.m */; };
		057FD72B1B4B8BE10038E73C /* Common.m in Sources */ = {isa = PBXBuildFile; fileRef = 057FD72A1B4B8BE10038E73C /* Common.m */; };
		058ED8D71B608D30002BFECC /* MapViewController.m in Sources */ = {isa = PBXBuildFile; fileRef = 058ED8D61B608D30002BFECC /* MapViewController.m */; };
		058ED8D91B608DBF002BFECC /* MapKit.framework in Frameworks */ = {isa = PBXBuildFile; fileRef = 058ED8D81B608DBE002BFECC /* MapKit.framework */; };
		0592CC471B313DF900522EEA /* LoginViewController.swift in Sources */ = {isa = PBXBuildFile; fileRef = 0592CC461B313DF900522EEA /* LoginViewController.swift */; };
		0592CC491B313E0B00522EEA /* SignUpViewController.swift in Sources */ = {isa = PBXBuildFile; fileRef = 0592CC481B313E0B00522EEA /* SignUpViewController.swift */; };
		0592CC4B1B3142F700522EEA /* Parse.framework in Frameworks */ = {isa = PBXBuildFile; fileRef = 0592CC4A1B3142F700522EEA /* Parse.framework */; };
		0592CC4D1B3142FE00522EEA /* Bolts.framework in Frameworks */ = {isa = PBXBuildFile; fileRef = 0592CC4C1B3142FE00522EEA /* Bolts.framework */; };
		0592CC4F1B31430500522EEA /* ParseUI.framework in Frameworks */ = {isa = PBXBuildFile; fileRef = 0592CC4E1B31430500522EEA /* ParseUI.framework */; };
		0592CC511B31432F00522EEA /* AudioToolbox.framework in Frameworks */ = {isa = PBXBuildFile; fileRef = 0592CC501B31432F00522EEA /* AudioToolbox.framework */; };
		0592CC531B31433600522EEA /* CFNetwork.framework in Frameworks */ = {isa = PBXBuildFile; fileRef = 0592CC521B31433600522EEA /* CFNetwork.framework */; };
		0592CC551B31434300522EEA /* CoreLocation.framework in Frameworks */ = {isa = PBXBuildFile; fileRef = 0592CC541B31434300522EEA /* CoreLocation.framework */; };
		0592CC571B31434A00522EEA /* MobileCoreServices.framework in Frameworks */ = {isa = PBXBuildFile; fileRef = 0592CC561B31434A00522EEA /* MobileCoreServices.framework */; };
		0592CC591B31435100522EEA /* QuartzCore.framework in Frameworks */ = {isa = PBXBuildFile; fileRef = 0592CC581B31435100522EEA /* QuartzCore.framework */; };
		0592CC5B1B31435600522EEA /* Security.framework in Frameworks */ = {isa = PBXBuildFile; fileRef = 0592CC5A1B31435600522EEA /* Security.framework */; };
		0592CC5D1B31435C00522EEA /* StoreKit.framework in Frameworks */ = {isa = PBXBuildFile; fileRef = 0592CC5C1B31435B00522EEA /* StoreKit.framework */; };
		0592CC5F1B31436300522EEA /* SystemConfiguration.framework in Frameworks */ = {isa = PBXBuildFile; fileRef = 0592CC5E1B31436300522EEA /* SystemConfiguration.framework */; };
		0592CC611B31436E00522EEA /* libz.dylib in Frameworks */ = {isa = PBXBuildFile; fileRef = 0592CC601B31436E00522EEA /* libz.dylib */; };
		0592CC631B31437600522EEA /* libsqlite3.dylib in Frameworks */ = {isa = PBXBuildFile; fileRef = 0592CC621B31437600522EEA /* libsqlite3.dylib */; };
		059CE9021B5590C80038382E /* CourseDoc.m in Sources */ = {isa = PBXBuildFile; fileRef = 059CE9011B5590C80038382E /* CourseDoc.m */; };
		059CE9051B5592140038382E /* CourseDatabase.m in Sources */ = {isa = PBXBuildFile; fileRef = 059CE9041B5592140038382E /* CourseDatabase.m */; };
		05ACC5251B4C935E0051BA38 /* CustomHeader.m in Sources */ = {isa = PBXBuildFile; fileRef = 05ACC5241B4C935E0051BA38 /* CustomHeader.m */; };
		063FD0C91974DAB8004DFC0C /* AddItemTabBarController.m in Sources */ = {isa = PBXBuildFile; fileRef = 063FD0C81974DAB8004DFC0C /* AddItemTabBarController.m */; };
		066C2A5619A53A9E002982C4 /* EditGradeViewController.m in Sources */ = {isa = PBXBuildFile; fileRef = 066C2A5519A53A9E002982C4 /* EditGradeViewController.m */; };
		068260EE1952828200C072C2 /* ViewClassViewController.m in Sources */ = {isa = PBXBuildFile; fileRef = 068260ED1952828200C072C2 /* ViewClassViewController.m */; };
		06A43E85194F952E00A78D29 /* Foundation.framework in Frameworks */ = {isa = PBXBuildFile; fileRef = 06A43E84194F952E00A78D29 /* Foundation.framework */; };
		06A43E87194F952E00A78D29 /* CoreGraphics.framework in Frameworks */ = {isa = PBXBuildFile; fileRef = 06A43E86194F952E00A78D29 /* CoreGraphics.framework */; };
		06A43E89194F952E00A78D29 /* UIKit.framework in Frameworks */ = {isa = PBXBuildFile; fileRef = 06A43E88194F952E00A78D29 /* UIKit.framework */; };
		06A43E8F194F952E00A78D29 /* InfoPlist.strings in Resources */ = {isa = PBXBuildFile; fileRef = 06A43E8D194F952E00A78D29 /* InfoPlist.strings */; };
		06A43E91194F952E00A78D29 /* main.m in Sources */ = {isa = PBXBuildFile; fileRef = 06A43E90194F952E00A78D29 /* main.m */; };
		06A43E95194F952E00A78D29 /* AppDelegate.m in Sources */ = {isa = PBXBuildFile; fileRef = 06A43E94194F952E00A78D29 /* AppDelegate.m */; };
		06A43E97194F952E00A78D29 /* Images.xcassets in Resources */ = {isa = PBXBuildFile; fileRef = 06A43E96194F952E00A78D29 /* Images.xcassets */; };
		06A43E9E194F952E00A78D29 /* XCTest.framework in Frameworks */ = {isa = PBXBuildFile; fileRef = 06A43E9D194F952E00A78D29 /* XCTest.framework */; };
		06A43E9F194F952E00A78D29 /* Foundation.framework in Frameworks */ = {isa = PBXBuildFile; fileRef = 06A43E84194F952E00A78D29 /* Foundation.framework */; };
		06A43EA0194F952E00A78D29 /* UIKit.framework in Frameworks */ = {isa = PBXBuildFile; fileRef = 06A43E88194F952E00A78D29 /* UIKit.framework */; };
		06A43EA8194F952E00A78D29 /* InfoPlist.strings in Resources */ = {isa = PBXBuildFile; fileRef = 06A43EA6194F952E00A78D29 /* InfoPlist.strings */; };
		06A43EAA194F952E00A78D29 /* ClassAssistantTests.m in Sources */ = {isa = PBXBuildFile; fileRef = 06A43EA9194F952E00A78D29 /* ClassAssistantTests.m */; };
		06A43EB4194F95AA00A78D29 /* Main.storyboard in Resources */ = {isa = PBXBuildFile; fileRef = 06A43EB3194F95AA00A78D29 /* Main.storyboard */; };
		06A43EB7194F989600A78D29 /* AddClassViewController.m in Sources */ = {isa = PBXBuildFile; fileRef = 06A43EB6194F989600A78D29 /* AddClassViewController.m */; };
		06A43EBA194F98FD00A78D29 /* TableViewController.m in Sources */ = {isa = PBXBuildFile; fileRef = 06A43EB9194F98FD00A78D29 /* TableViewController.m */; };
		06A43EBD194F9C5700A78D29 /* Course.m in Sources */ = {isa = PBXBuildFile; fileRef = 06A43EBC194F9C5700A78D29 /* Course.m */; };
/* End PBXBuildFile section */

/* Begin PBXContainerItemProxy section */
		06A43EA1194F952E00A78D29 /* PBXContainerItemProxy */ = {
			isa = PBXContainerItemProxy;
			containerPortal = 06A43E79194F952E00A78D29 /* Project object */;
			proxyType = 1;
			remoteGlobalIDString = 06A43E80194F952E00A78D29;
			remoteInfo = ClassAssistant;
		};
/* End PBXContainerItemProxy section */

/* Begin PBXFileReference section */
		0543BCC61B23FFFF006A49C5 /* AddCalendarEventViewController.h */ = {isa = PBXFileReference; fileEncoding = 4; lastKnownFileType = sourcecode.c.h; path = AddCalendarEventViewController.h; sourceTree = "<group>"; };
		0543BCC71B23FFFF006A49C5 /* AddCalendarEventViewController.m */ = {isa = PBXFileReference; fileEncoding = 4; lastKnownFileType = sourcecode.c.objc; path = AddCalendarEventViewController.m; sourceTree = "<group>"; };
		0543BCCA1B241F4B006A49C5 /* calendar.png */ = {isa = PBXFileReference; lastKnownFileType = image.png; path = calendar.png; sourceTree = "<group>"; };
		05529D601B272F060055ADAB /* MessageUI.framework */ = {isa = PBXFileReference; lastKnownFileType = wrapper.framework; name = MessageUI.framework; path = System/Library/Frameworks/MessageUI.framework; sourceTree = SDKROOT; };
		05529D621B2737DF0055ADAB /* CalendarEventsTableViewController.h */ = {isa = PBXFileReference; fileEncoding = 4; lastKnownFileType = sourcecode.c.h; path = CalendarEventsTableViewController.h; sourceTree = "<group>"; };
		05529D631B2737DF0055ADAB /* CalendarEventsTableViewController.m */ = {isa = PBXFileReference; fileEncoding = 4; lastKnownFileType = sourcecode.c.objc; path = CalendarEventsTableViewController.m; sourceTree = "<group>"; };
		05529D651B27B1680055ADAB /* ViewCalendarEventViewController.h */ = {isa = PBXFileReference; fileEncoding = 4; lastKnownFileType = sourcecode.c.h; path = ViewCalendarEventViewController.h; sourceTree = "<group>"; };
		05529D661B27B1680055ADAB /* ViewCalendarEventViewController.m */ = {isa = PBXFileReference; fileEncoding = 4; lastKnownFileType = sourcecode.c.objc; path = ViewCalendarEventViewController.m; sourceTree = "<group>"; };
		0557E9421B44EC3C005BEFAE /* CAicons-1.png */ = {isa = PBXFileReference; lastKnownFileType = image.png; path = "CAicons-1.png"; sourceTree = "<group>"; };
		0557E9431B44EC3C005BEFAE /* CAicons-2.png */ = {isa = PBXFileReference; lastKnownFileType = image.png; path = "CAicons-2.png"; sourceTree = "<group>"; };
		0557E9441B44EC3C005BEFAE /* CAicons-3.png */ = {isa = PBXFileReference; lastKnownFileType = image.png; path = "CAicons-3.png"; sourceTree = "<group>"; };
		0557E9451B44EC3C005BEFAE /* CAicons-4.png */ = {isa = PBXFileReference; lastKnownFileType = image.png; path = "CAicons-4.png"; sourceTree = "<group>"; };
		0557E9461B44EC3C005BEFAE /* CAicons-5.png */ = {isa = PBXFileReference; lastKnownFileType = image.png; path = "CAicons-5.png"; sourceTree = "<group>"; };
		0557E9471B44EC3C005BEFAE /* CAicons-6.png */ = {isa = PBXFileReference; lastKnownFileType = image.png; path = "CAicons-6.png"; sourceTree = "<group>"; };
		0557E9481B44EC3C005BEFAE /* CAicons-7.png */ = {isa = PBXFileReference; lastKnownFileType = image.png; path = "CAicons-7.png"; sourceTree = "<group>"; };
		0557E9491B44EC3C005BEFAE /* CAicons-8.png */ = {isa = PBXFileReference; lastKnownFileType = image.png; path = "CAicons-8.png"; sourceTree = "<group>"; };
		0557E94A1B44EC3C005BEFAE /* CAicons-9.png */ = {isa = PBXFileReference; lastKnownFileType = image.png; path = "CAicons-9.png"; sourceTree = "<group>"; };
		0557E94B1B44EC3C005BEFAE /* CAicons-10.png */ = {isa = PBXFileReference; lastKnownFileType = image.png; path = "CAicons-10.png"; sourceTree = "<group>"; };
		0557E94C1B44EC3C005BEFAE /* CAicons-11.png */ = {isa = PBXFileReference; lastKnownFileType = image.png; path = "CAicons-11.png"; sourceTree = "<group>"; };
		0557E94D1B44EC3C005BEFAE /* CAicons-12.png */ = {isa = PBXFileReference; lastKnownFileType = image.png; path = "CAicons-12.png"; sourceTree = "<group>"; };
		0557E94E1B44EC3C005BEFAE /* CAicons-13.png */ = {isa = PBXFileReference; lastKnownFileType = image.png; path = "CAicons-13.png"; sourceTree = "<group>"; };
		0557E94F1B44EC3C005BEFAE /* CAicons-14.png */ = {isa = PBXFileReference; lastKnownFileType = image.png; path = "CAicons-14.png"; sourceTree = "<group>"; };
		0557E9501B44EC3C005BEFAE /* CAicons-15.png */ = {isa = PBXFileReference; lastKnownFileType = image.png; path = "CAicons-15.png"; sourceTree = "<group>"; };
		0557E9511B44EC3C005BEFAE /* CAicons-16.png */ = {isa = PBXFileReference; lastKnownFileType = image.png; path = "CAicons-16.png"; sourceTree = "<group>"; };
		0557E9521B44EC3C005BEFAE /* CAicons-17.png */ = {isa = PBXFileReference; lastKnownFileType = image.png; path = "CAicons-17.png"; sourceTree = "<group>"; };
		0557E9531B44EC3C005BEFAE /* CAicons-18.png */ = {isa = PBXFileReference; lastKnownFileType = image.png; path = "CAicons-18.png"; sourceTree = "<group>"; };
		0557E9541B44EC3C005BEFAE /* CAicons-19.png */ = {isa = PBXFileReference; lastKnownFileType = image.png; path = "CAicons-19.png"; sourceTree = "<group>"; };
		0557E9551B44EC3C005BEFAE /* CAicons-20.png */ = {isa = PBXFileReference; lastKnownFileType = image.png; path = "CAicons-20.png"; sourceTree = "<group>"; };
		0557E9561B44EC3C005BEFAE /* CAicons-21.png */ = {isa = PBXFileReference; lastKnownFileType = image.png; path = "CAicons-21.png"; sourceTree = "<group>"; };
		0557E9571B44EC3C005BEFAE /* CAicons-22.png */ = {isa = PBXFileReference; lastKnownFileType = image.png; path = "CAicons-22.png"; sourceTree = "<group>"; };
		0557E9581B44EC3C005BEFAE /* CAicons-23.png */ = {isa = PBXFileReference; lastKnownFileType = image.png; path = "CAicons-23.png"; sourceTree = "<group>"; };
		0557E9591B44EC3C005BEFAE /* CAicons-24.png */ = {isa = PBXFileReference; lastKnownFileType = image.png; path = "CAicons-24.png"; sourceTree = "<group>"; };
		0557E95A1B44EC3C005BEFAE /* CAicons-25.png */ = {isa = PBXFileReference; lastKnownFileType = image.png; path = "CAicons-25.png"; sourceTree = "<group>"; };
		0557E95B1B44EC3C005BEFAE /* CAicons-26.png */ = {isa = PBXFileReference; lastKnownFileType = image.png; path = "CAicons-26.png"; sourceTree = "<group>"; };
		055BC87B1B3884F700596CE0 /* GradeGraphView.swift */ = {isa = PBXFileReference; fileEncoding = 4; lastKnownFileType = sourcecode.swift; name = GradeGraphView.swift; path = ../GradeGraphView.swift; sourceTree = "<group>"; };
		056F29701B22910E001AE97C /* GradeIndicatorView.h */ = {isa = PBXFileReference; fileEncoding = 4; lastKnownFileType = sourcecode.c.h; path = GradeIndicatorView.h; sourceTree = "<group>"; };
		056F29711B22910E001AE97C /* GradeIndicatorView.m */ = {isa = PBXFileReference; fileEncoding = 4; lastKnownFileType = sourcecode.c.objc; path = GradeIndicatorView.m; sourceTree = "<group>"; };
		05773E971B44847200021704 /* iCarousel.h */ = {isa = PBXFileReference; fileEncoding = 4; lastKnownFileType = sourcecode.c.h; path = iCarousel.h; sourceTree = "<group>"; };
		05773E981B44847200021704 /* iCarousel.m */ = {isa = PBXFileReference; fileEncoding = 4; lastKnownFileType = sourcecode.c.objc; path = iCarousel.m; sourceTree = "<group>"; };
		0577EF2F1B46FD3B00EDF517 /* FBSDKCoreKit.framework */ = {isa = PBXFileReference; lastKnownFileType = wrapper.framework; name = FBSDKCoreKit.framework; path = ../../Documents/FacebookSDK/FBSDKCoreKit.framework; sourceTree = "<group>"; };
		0577EF301B46FD3B00EDF517 /* FBSDKLoginKit.framework */ = {isa = PBXFileReference; lastKnownFileType = wrapper.framework; name = FBSDKLoginKit.framework; path = ../../Documents/FacebookSDK/FBSDKLoginKit.framework; sourceTree = "<group>"; };
		0577EF311B46FD3B00EDF517 /* FBSDKShareKit.framework */ = {isa = PBXFileReference; lastKnownFileType = wrapper.framework; name = FBSDKShareKit.framework; path = ../../Documents/FacebookSDK/FBSDKShareKit.framework; sourceTree = "<group>"; };
		057FD7261B4B89120038E73C /* CustomCellBackground.h */ = {isa = PBXFileReference; fileEncoding = 4; lastKnownFileType = sourcecode.c.h; path = CustomCellBackground.h; sourceTree = "<group>"; };
		057FD7271B4B89120038E73C /* CustomCellBackground.m */ = {isa = PBXFileReference; fileEncoding = 4; lastKnownFileType = sourcecode.c.objc; path = CustomCellBackground.m; sourceTree = "<group>"; };
		057FD7291B4B8BE10038E73C /* Common.h */ = {isa = PBXFileReference; fileEncoding = 4; lastKnownFileType = sourcecode.c.h; path = Common.h; sourceTree = "<group>"; };
		057FD72A1B4B8BE10038E73C /* Common.m */ = {isa = PBXFileReference; fileEncoding = 4; lastKnownFileType = sourcecode.c.objc; path = Common.m; sourceTree = "<group>"; };
		058ED8D51B608D30002BFECC /* MapViewController.h */ = {isa = PBXFileReference; fileEncoding = 4; lastKnownFileType = sourcecode.c.h; path = MapViewController.h; sourceTree = "<group>"; };
		058ED8D61B608D30002BFECC /* MapViewController.m */ = {isa = PBXFileReference; fileEncoding = 4; lastKnownFileType = sourcecode.c.objc; path = MapViewController.m; sourceTree = "<group>"; };
		058ED8D81B608DBE002BFECC /* MapKit.framework */ = {isa = PBXFileReference; lastKnownFileType = wrapper.framework; name = MapKit.framework; path = System/Library/Frameworks/MapKit.framework; sourceTree = SDKROOT; };
		0592CC451B313DF900522EEA /* ClassAssistant-Bridging-Header.h */ = {isa = PBXFileReference; lastKnownFileType = sourcecode.c.h; path = "ClassAssistant-Bridging-Header.h"; sourceTree = "<group>"; };
		0592CC461B313DF900522EEA /* LoginViewController.swift */ = {isa = PBXFileReference; fileEncoding = 4; lastKnownFileType = sourcecode.swift; name = LoginViewController.swift; path = ../LoginViewController.swift; sourceTree = "<group>"; };
		0592CC481B313E0B00522EEA /* SignUpViewController.swift */ = {isa = PBXFileReference; fileEncoding = 4; lastKnownFileType = sourcecode.swift; name = SignUpViewController.swift; path = ../SignUpViewController.swift; sourceTree = "<group>"; };
		0592CC4A1B3142F700522EEA /* Parse.framework */ = {isa = PBXFileReference; lastKnownFileType = wrapper.framework; path = Parse.framework; sourceTree = "<group>"; };
		0592CC4C1B3142FE00522EEA /* Bolts.framework */ = {isa = PBXFileReference; lastKnownFileType = wrapper.framework; path = Bolts.framework; sourceTree = "<group>"; };
		0592CC4E1B31430500522EEA /* ParseUI.framework */ = {isa = PBXFileReference; lastKnownFileType = wrapper.framework; path = ParseUI.framework; sourceTree = "<group>"; };
		0592CC501B31432F00522EEA /* AudioToolbox.framework */ = {isa = PBXFileReference; lastKnownFileType = wrapper.framework; name = AudioToolbox.framework; path = System/Library/Frameworks/AudioToolbox.framework; sourceTree = SDKROOT; };
		0592CC521B31433600522EEA /* CFNetwork.framework */ = {isa = PBXFileReference; lastKnownFileType = wrapper.framework; name = CFNetwork.framework; path = System/Library/Frameworks/CFNetwork.framework; sourceTree = SDKROOT; };
		0592CC541B31434300522EEA /* CoreLocation.framework */ = {isa = PBXFileReference; lastKnownFileType = wrapper.framework; name = CoreLocation.framework; path = System/Library/Frameworks/CoreLocation.framework; sourceTree = SDKROOT; };
		0592CC561B31434A00522EEA /* MobileCoreServices.framework */ = {isa = PBXFileReference; lastKnownFileType = wrapper.framework; name = MobileCoreServices.framework; path = System/Library/Frameworks/MobileCoreServices.framework; sourceTree = SDKROOT; };
		0592CC581B31435100522EEA /* QuartzCore.framework */ = {isa = PBXFileReference; lastKnownFileType = wrapper.framework; name = QuartzCore.framework; path = System/Library/Frameworks/QuartzCore.framework; sourceTree = SDKROOT; };
		0592CC5A1B31435600522EEA /* Security.framework */ = {isa = PBXFileReference; lastKnownFileType = wrapper.framework; name = Security.framework; path = System/Library/Frameworks/Security.framework; sourceTree = SDKROOT; };
		0592CC5C1B31435B00522EEA /* StoreKit.framework */ = {isa = PBXFileReference; lastKnownFileType = wrapper.framework; name = StoreKit.framework; path = System/Library/Frameworks/StoreKit.framework; sourceTree = SDKROOT; };
		0592CC5E1B31436300522EEA /* SystemConfiguration.framework */ = {isa = PBXFileReference; lastKnownFileType = wrapper.framework; name = SystemConfiguration.framework; path = System/Library/Frameworks/SystemConfiguration.framework; sourceTree = SDKROOT; };
		0592CC601B31436E00522EEA /* libz.dylib */ = {isa = PBXFileReference; lastKnownFileType = "compiled.mach-o.dylib"; name = libz.dylib; path = usr/lib/libz.dylib; sourceTree = SDKROOT; };
		0592CC621B31437600522EEA /* libsqlite3.dylib */ = {isa = PBXFileReference; lastKnownFileType = "compiled.mach-o.dylib"; name = libsqlite3.dylib; path = usr/lib/libsqlite3.dylib; sourceTree = SDKROOT; };
		059CE9001B5590C80038382E /* CourseDoc.h */ = {isa = PBXFileReference; fileEncoding = 4; lastKnownFileType = sourcecode.c.h; path = CourseDoc.h; sourceTree = "<group>"; };
		059CE9011B5590C80038382E /* CourseDoc.m */ = {isa = PBXFileReference; fileEncoding = 4; lastKnownFileType = sourcecode.c.objc; path = CourseDoc.m; sourceTree = "<group>"; };
		059CE9031B5592140038382E /* CourseDatabase.h */ = {isa = PBXFileReference; fileEncoding = 4; lastKnownFileType = sourcecode.c.h; path = CourseDatabase.h; sourceTree = "<group>"; };
		059CE9041B5592140038382E /* CourseDatabase.m */ = {isa = PBXFileReference; fileEncoding = 4; lastKnownFileType = sourcecode.c.objc; path = CourseDatabase.m; sourceTree = "<group>"; };
		05ACC5231B4C935E0051BA38 /* CustomHeader.h */ = {isa = PBXFileReference; fileEncoding = 4; lastKnownFileType = sourcecode.c.h; path = CustomHeader.h; sourceTree = "<group>"; };
		05ACC5241B4C935E0051BA38 /* CustomHeader.m */ = {isa = PBXFileReference; fileEncoding = 4; lastKnownFileType = sourcecode.c.objc; path = CustomHeader.m; sourceTree = "<group>"; };
		063FD0C71974DAB8004DFC0C /* AddItemTabBarController.h */ = {isa = PBXFileReference; fileEncoding = 4; lastKnownFileType = sourcecode.c.h; path = AddItemTabBarController.h; sourceTree = "<group>"; };
		063FD0C81974DAB8004DFC0C /* AddItemTabBarController.m */ = {isa = PBXFileReference; fileEncoding = 4; lastKnownFileType = sourcecode.c.objc; path = AddItemTabBarController.m; sourceTree = "<group>"; };
		066C2A5419A53A9E002982C4 /* EditGradeViewController.h */ = {isa = PBXFileReference; fileEncoding = 4; lastKnownFileType = sourcecode.c.h; path = EditGradeViewController.h; sourceTree = "<group>"; };
		066C2A5519A53A9E002982C4 /* EditGradeViewController.m */ = {isa = PBXFileReference; fileEncoding = 4; lastKnownFileType = sourcecode.c.objc; path = EditGradeViewController.m; sourceTree = "<group>"; };
		068260EC1952828100C072C2 /* ViewClassViewController.h */ = {isa = PBXFileReference; fileEncoding = 4; lastKnownFileType = sourcecode.c.h; path = ViewClassViewController.h; sourceTree = "<group>"; };
		068260ED1952828200C072C2 /* ViewClassViewController.m */ = {isa = PBXFileReference; fileEncoding = 4; lastKnownFileType = sourcecode.c.objc; path = ViewClassViewController.m; sourceTree = "<group>"; };
		06A43E81194F952E00A78D29 /* ClassAssistant.app */ = {isa = PBXFileReference; explicitFileType = wrapper.application; includeInIndex = 0; path = ClassAssistant.app; sourceTree = BUILT_PRODUCTS_DIR; };
		06A43E84194F952E00A78D29 /* Foundation.framework */ = {isa = PBXFileReference; lastKnownFileType = wrapper.framework; name = Foundation.framework; path = System/Library/Frameworks/Foundation.framework; sourceTree = SDKROOT; };
		06A43E86194F952E00A78D29 /* CoreGraphics.framework */ = {isa = PBXFileReference; lastKnownFileType = wrapper.framework; name = CoreGraphics.framework; path = System/Library/Frameworks/CoreGraphics.framework; sourceTree = SDKROOT; };
		06A43E88194F952E00A78D29 /* UIKit.framework */ = {isa = PBXFileReference; lastKnownFileType = wrapper.framework; name = UIKit.framework; path = System/Library/Frameworks/UIKit.framework; sourceTree = SDKROOT; };
		06A43E8C194F952E00A78D29 /* ClassAssistant-Info.plist */ = {isa = PBXFileReference; lastKnownFileType = text.plist.xml; path = "ClassAssistant-Info.plist"; sourceTree = "<group>"; };
		06A43E8E194F952E00A78D29 /* en */ = {isa = PBXFileReference; lastKnownFileType = text.plist.strings; name = en; path = en.lproj/InfoPlist.strings; sourceTree = "<group>"; };
		06A43E90194F952E00A78D29 /* main.m */ = {isa = PBXFileReference; lastKnownFileType = sourcecode.c.objc; path = main.m; sourceTree = "<group>"; };
		06A43E92194F952E00A78D29 /* ClassAssistant-Prefix.pch */ = {isa = PBXFileReference; lastKnownFileType = sourcecode.c.h; path = "ClassAssistant-Prefix.pch"; sourceTree = "<group>"; };
		06A43E93194F952E00A78D29 /* AppDelegate.h */ = {isa = PBXFileReference; lastKnownFileType = sourcecode.c.h; path = AppDelegate.h; sourceTree = "<group>"; };
		06A43E94194F952E00A78D29 /* AppDelegate.m */ = {isa = PBXFileReference; lastKnownFileType = sourcecode.c.objc; path = AppDelegate.m; sourceTree = "<group>"; };
		06A43E96194F952E00A78D29 /* Images.xcassets */ = {isa = PBXFileReference; lastKnownFileType = folder.assetcatalog; path = Images.xcassets; sourceTree = "<group>"; };
		06A43E9C194F952E00A78D29 /* ClassAssistantTests.xctest */ = {isa = PBXFileReference; explicitFileType = wrapper.cfbundle; includeInIndex = 0; path = ClassAssistantTests.xctest; sourceTree = BUILT_PRODUCTS_DIR; };
		06A43E9D194F952E00A78D29 /* XCTest.framework */ = {isa = PBXFileReference; lastKnownFileType = wrapper.framework; name = XCTest.framework; path = Library/Frameworks/XCTest.framework; sourceTree = DEVELOPER_DIR; };
		06A43EA5194F952E00A78D29 /* ClassAssistantTests-Info.plist */ = {isa = PBXFileReference; lastKnownFileType = text.plist.xml; path = "ClassAssistantTests-Info.plist"; sourceTree = "<group>"; };
		06A43EA7194F952E00A78D29 /* en */ = {isa = PBXFileReference; lastKnownFileType = text.plist.strings; name = en; path = en.lproj/InfoPlist.strings; sourceTree = "<group>"; };
		06A43EA9194F952E00A78D29 /* ClassAssistantTests.m */ = {isa = PBXFileReference; lastKnownFileType = sourcecode.c.objc; path = ClassAssistantTests.m; sourceTree = "<group>"; };
		06A43EB3194F95AA00A78D29 /* Main.storyboard */ = {isa = PBXFileReference; fileEncoding = 4; lastKnownFileType = file.storyboard; path = Main.storyboard; sourceTree = "<group>"; };
		06A43EB5194F989600A78D29 /* AddClassViewController.h */ = {isa = PBXFileReference; fileEncoding = 4; lastKnownFileType = sourcecode.c.h; path = AddClassViewController.h; sourceTree = "<group>"; };
		06A43EB6194F989600A78D29 /* AddClassViewController.m */ = {isa = PBXFileReference; fileEncoding = 4; lastKnownFileType = sourcecode.c.objc; path = AddClassViewController.m; sourceTree = "<group>"; };
		06A43EB8194F98FD00A78D29 /* TableViewController.h */ = {isa = PBXFileReference; fileEncoding = 4; lastKnownFileType = sourcecode.c.h; path = TableViewController.h; sourceTree = "<group>"; };
		06A43EB9194F98FD00A78D29 /* TableViewController.m */ = {isa = PBXFileReference; fileEncoding = 4; lastKnownFileType = sourcecode.c.objc; path = TableViewController.m; sourceTree = "<group>"; };
		06A43EBB194F9C5700A78D29 /* Course.h */ = {isa = PBXFileReference; fileEncoding = 4; lastKnownFileType = sourcecode.c.h; path = Course.h; sourceTree = "<group>"; };
		06A43EBC194F9C5700A78D29 /* Course.m */ = {isa = PBXFileReference; fileEncoding = 4; lastKnownFileType = sourcecode.c.objc; path = Course.m; sourceTree = "<group>"; };
/* End PBXFileReference section */

/* Begin PBXFrameworksBuildPhase section */
		06A43E7E194F952E00A78D29 /* Frameworks */ = {
			isa = PBXFrameworksBuildPhase;
			buildActionMask = 2147483647;
			files = (
				058ED8D91B608DBF002BFECC /* MapKit.framework in Frameworks */,
				0577EF331B46FD3B00EDF517 /* FBSDKLoginKit.framework in Frameworks */,
				0592CC631B31437600522EEA /* libsqlite3.dylib in Frameworks */,
				0592CC611B31436E00522EEA /* libz.dylib in Frameworks */,
				0592CC5F1B31436300522EEA /* SystemConfiguration.framework in Frameworks */,
				0592CC5D1B31435C00522EEA /* StoreKit.framework in Frameworks */,
				0592CC5B1B31435600522EEA /* Security.framework in Frameworks */,
				0592CC591B31435100522EEA /* QuartzCore.framework in Frameworks */,
				0592CC571B31434A00522EEA /* MobileCoreServices.framework in Frameworks */,
				0577EF321B46FD3B00EDF517 /* FBSDKCoreKit.framework in Frameworks */,
				0592CC551B31434300522EEA /* CoreLocation.framework in Frameworks */,
				06A43E87194F952E00A78D29 /* CoreGraphics.framework in Frameworks */,
				0592CC531B31433600522EEA /* CFNetwork.framework in Frameworks */,
				0592CC511B31432F00522EEA /* AudioToolbox.framework in Frameworks */,
				0577EF341B46FD3B00EDF517 /* FBSDKShareKit.framework in Frameworks */,
				05529D611B272F060055ADAB /* MessageUI.framework in Frameworks */,
				0592CC4F1B31430500522EEA /* ParseUI.framework in Frameworks */,
				06A43E89194F952E00A78D29 /* UIKit.framework in Frameworks */,
				0592CC4D1B3142FE00522EEA /* Bolts.framework in Frameworks */,
				06A43E85194F952E00A78D29 /* Foundation.framework in Frameworks */,
				0592CC4B1B3142F700522EEA /* Parse.framework in Frameworks */,
			);
			runOnlyForDeploymentPostprocessing = 0;
		};
		06A43E99194F952E00A78D29 /* Frameworks */ = {
			isa = PBXFrameworksBuildPhase;
			buildActionMask = 2147483647;
			files = (
				06A43E9E194F952E00A78D29 /* XCTest.framework in Frameworks */,
				06A43EA0194F952E00A78D29 /* UIKit.framework in Frameworks */,
				06A43E9F194F952E00A78D29 /* Foundation.framework in Frameworks */,
			);
			runOnlyForDeploymentPostprocessing = 0;
		};
/* End PBXFrameworksBuildPhase section */

/* Begin PBXGroup section */
		0543BCC91B241F4B006A49C5 /* img */ = {
			isa = PBXGroup;
			children = (
				0543BCCA1B241F4B006A49C5 /* calendar.png */,
				0557E9421B44EC3C005BEFAE /* CAicons-1.png */,
				0557E9431B44EC3C005BEFAE /* CAicons-2.png */,
				0557E9441B44EC3C005BEFAE /* CAicons-3.png */,
				0557E9451B44EC3C005BEFAE /* CAicons-4.png */,
				0557E9461B44EC3C005BEFAE /* CAicons-5.png */,
				0557E9471B44EC3C005BEFAE /* CAicons-6.png */,
				0557E9481B44EC3C005BEFAE /* CAicons-7.png */,
				0557E9491B44EC3C005BEFAE /* CAicons-8.png */,
				0557E94A1B44EC3C005BEFAE /* CAicons-9.png */,
				0557E94B1B44EC3C005BEFAE /* CAicons-10.png */,
				0557E94C1B44EC3C005BEFAE /* CAicons-11.png */,
				0557E94D1B44EC3C005BEFAE /* CAicons-12.png */,
				0557E94E1B44EC3C005BEFAE /* CAicons-13.png */,
				0557E94F1B44EC3C005BEFAE /* CAicons-14.png */,
				0557E9501B44EC3C005BEFAE /* CAicons-15.png */,
				0557E9511B44EC3C005BEFAE /* CAicons-16.png */,
				0557E9521B44EC3C005BEFAE /* CAicons-17.png */,
				0557E9531B44EC3C005BEFAE /* CAicons-18.png */,
				0557E9541B44EC3C005BEFAE /* CAicons-19.png */,
				0557E9551B44EC3C005BEFAE /* CAicons-20.png */,
				0557E9561B44EC3C005BEFAE /* CAicons-21.png */,
				0557E9571B44EC3C005BEFAE /* CAicons-22.png */,
				0557E9581B44EC3C005BEFAE /* CAicons-23.png */,
				0557E9591B44EC3C005BEFAE /* CAicons-24.png */,
				0557E95A1B44EC3C005BEFAE /* CAicons-25.png */,
				0557E95B1B44EC3C005BEFAE /* CAicons-26.png */,
			);
			path = img;
			sourceTree = "<group>";
		};
		0651C80E195A65C100B33D05 /* Model */ = {
			isa = PBXGroup;
			children = (
				06A43EBC194F9C5700A78D29 /* Course.m */,
				06A43EBB194F9C5700A78D29 /* Course.h */,
				059CE9001B5590C80038382E /* CourseDoc.h */,
				059CE9011B5590C80038382E /* CourseDoc.m */,
				059CE9031B5592140038382E /* CourseDatabase.h */,
				059CE9041B5592140038382E /* CourseDatabase.m */,
			);
			name = Model;
			sourceTree = "<group>";
		};
		0651C80F195A65D900B33D05 /* Other */ = {
			isa = PBXGroup;
			children = (
				06A43E94194F952E00A78D29 /* AppDelegate.m */,
				06A43E93194F952E00A78D29 /* AppDelegate.h */,
			);
			name = Other;
			sourceTree = "<group>";
		};
		06A43E78194F952E00A78D29 = {
			isa = PBXGroup;
			children = (
				06A43E8A194F952E00A78D29 /* ClassAssistant */,
				06A43EA3194F952E00A78D29 /* ClassAssistantTests */,
				06A43E83194F952E00A78D29 /* Frameworks */,
				06A43E82194F952E00A78D29 /* Products */,
				0592CC451B313DF900522EEA /* ClassAssistant-Bridging-Header.h */,
			);
			sourceTree = "<group>";
		};
		06A43E82194F952E00A78D29 /* Products */ = {
			isa = PBXGroup;
			children = (
				06A43E81194F952E00A78D29 /* ClassAssistant.app */,
				06A43E9C194F952E00A78D29 /* ClassAssistantTests.xctest */,
			);
			name = Products;
			sourceTree = "<group>";
		};
		06A43E83194F952E00A78D29 /* Frameworks */ = {
			isa = PBXGroup;
			children = (
				058ED8D81B608DBE002BFECC /* MapKit.framework */,
				0577EF2F1B46FD3B00EDF517 /* FBSDKCoreKit.framework */,
				0577EF301B46FD3B00EDF517 /* FBSDKLoginKit.framework */,
				0577EF311B46FD3B00EDF517 /* FBSDKShareKit.framework */,
				0592CC621B31437600522EEA /* libsqlite3.dylib */,
				0592CC601B31436E00522EEA /* libz.dylib */,
				0592CC5E1B31436300522EEA /* SystemConfiguration.framework */,
				0592CC5C1B31435B00522EEA /* StoreKit.framework */,
				0592CC5A1B31435600522EEA /* Security.framework */,
				0592CC581B31435100522EEA /* QuartzCore.framework */,
				0592CC561B31434A00522EEA /* MobileCoreServices.framework */,
				0592CC541B31434300522EEA /* CoreLocation.framework */,
				0592CC521B31433600522EEA /* CFNetwork.framework */,
				0592CC501B31432F00522EEA /* AudioToolbox.framework */,
				0592CC4E1B31430500522EEA /* ParseUI.framework */,
				0592CC4C1B3142FE00522EEA /* Bolts.framework */,
				0592CC4A1B3142F700522EEA /* Parse.framework */,
				05529D601B272F060055ADAB /* MessageUI.framework */,
				06A43E84194F952E00A78D29 /* Foundation.framework */,
				06A43E86194F952E00A78D29 /* CoreGraphics.framework */,
				06A43E88194F952E00A78D29 /* UIKit.framework */,
				06A43E9D194F952E00A78D29 /* XCTest.framework */,
			);
			name = Frameworks;
			sourceTree = "<group>";
		};
		06A43E8A194F952E00A78D29 /* ClassAssistant */ = {
			isa = PBXGroup;
			children = (
				0543BCC91B241F4B006A49C5 /* img */,
				06DF496E1B1C30E80053011D /* View */,
				06DF496D1B1C30C50053011D /* Controller */,
				0651C80F195A65D900B33D05 /* Other */,
				0651C80E195A65C100B33D05 /* Model */,
				06A43E96194F952E00A78D29 /* Images.xcassets */,
				06A43E8B194F952E00A78D29 /* Supporting Files */,
			);
			path = ClassAssistant;
			sourceTree = "<group>";
		};
		06A43E8B194F952E00A78D29 /* Supporting Files */ = {
			isa = PBXGroup;
			children = (
				06A43E8C194F952E00A78D29 /* ClassAssistant-Info.plist */,
				06A43E8D194F952E00A78D29 /* InfoPlist.strings */,
				06A43E90194F952E00A78D29 /* main.m */,
				06A43E92194F952E00A78D29 /* ClassAssistant-Prefix.pch */,
			);
			name = "Supporting Files";
			sourceTree = "<group>";
		};
		06A43EA3194F952E00A78D29 /* ClassAssistantTests */ = {
			isa = PBXGroup;
			children = (
				06A43EA9194F952E00A78D29 /* ClassAssistantTests.m */,
				06A43EA4194F952E00A78D29 /* Supporting Files */,
			);
			path = ClassAssistantTests;
			sourceTree = "<group>";
		};
		06A43EA4194F952E00A78D29 /* Supporting Files */ = {
			isa = PBXGroup;
			children = (
				06A43EA5194F952E00A78D29 /* ClassAssistantTests-Info.plist */,
				06A43EA6194F952E00A78D29 /* InfoPlist.strings */,
			);
			name = "Supporting Files";
			sourceTree = "<group>";
		};
		06DF496D1B1C30C50053011D /* Controller */ = {
			isa = PBXGroup;
			children = (
				058ED8D51B608D30002BFECC /* MapViewController.h */,
				058ED8D61B608D30002BFECC /* MapViewController.m */,
				0592CC481B313E0B00522EEA /* SignUpViewController.swift */,
				0592CC461B313DF900522EEA /* LoginViewController.swift */,
				05529D651B27B1680055ADAB /* ViewCalendarEventViewController.h */,
				05529D661B27B1680055ADAB /* ViewCalendarEventViewController.m */,
				05529D621B2737DF0055ADAB /* CalendarEventsTableViewController.h */,
				05529D631B2737DF0055ADAB /* CalendarEventsTableViewController.m */,
				0543BCC61B23FFFF006A49C5 /* AddCalendarEventViewController.h */,
				0543BCC71B23FFFF006A49C5 /* AddCalendarEventViewController.m */,
				068260ED1952828200C072C2 /* ViewClassViewController.m */,
				068260EC1952828100C072C2 /* ViewClassViewController.h */,
				06A43EB6194F989600A78D29 /* AddClassViewController.m */,
				06A43EB5194F989600A78D29 /* AddClassViewController.h */,
				06A43EB9194F98FD00A78D29 /* TableViewController.m */,
				06A43EB8194F98FD00A78D29 /* TableViewController.h */,
				063FD0C81974DAB8004DFC0C /* AddItemTabBarController.m */,
				063FD0C71974DAB8004DFC0C /* AddItemTabBarController.h */,
				066C2A5519A53A9E002982C4 /* EditGradeViewController.m */,
				066C2A5419A53A9E002982C4 /* EditGradeViewController.h */,
			);
			name = Controller;
			sourceTree = "<group>";
		};
		06DF496E1B1C30E80053011D /* View */ = {
			isa = PBXGroup;
			children = (
				06A43EB3194F95AA00A78D29 /* Main.storyboard */,
				05773E971B44847200021704 /* iCarousel.h */,
				05773E981B44847200021704 /* iCarousel.m */,
				055BC87B1B3884F700596CE0 /* GradeGraphView.swift */,
				056F29701B22910E001AE97C /* GradeIndicatorView.h */,
				056F29711B22910E001AE97C /* GradeIndicatorView.m */,
				057FD7261B4B89120038E73C /* CustomCellBackground.h */,
				057FD7271B4B89120038E73C /* CustomCellBackground.m */,
				057FD7291B4B8BE10038E73C /* Common.h */,
				057FD72A1B4B8BE10038E73C /* Common.m */,
				05ACC5231B4C935E0051BA38 /* CustomHeader.h */,
				05ACC5241B4C935E0051BA38 /* CustomHeader.m */,
			);
			name = View;
			sourceTree = "<group>";
		};
/* End PBXGroup section */

/* Begin PBXNativeTarget section */
		06A43E80194F952E00A78D29 /* ClassAssistant */ = {
			isa = PBXNativeTarget;
			buildConfigurationList = 06A43EAD194F952E00A78D29 /* Build configuration list for PBXNativeTarget "ClassAssistant" */;
			buildPhases = (
				06A43E7D194F952E00A78D29 /* Sources */,
				06A43E7E194F952E00A78D29 /* Frameworks */,
				06A43E7F194F952E00A78D29 /* Resources */,
			);
			buildRules = (
			);
			dependencies = (
			);
			name = ClassAssistant;
			productName = ClassAssistant;
			productReference = 06A43E81194F952E00A78D29 /* ClassAssistant.app */;
			productType = "com.apple.product-type.application";
		};
		06A43E9B194F952E00A78D29 /* ClassAssistantTests */ = {
			isa = PBXNativeTarget;
			buildConfigurationList = 06A43EB0194F952E00A78D29 /* Build configuration list for PBXNativeTarget "ClassAssistantTests" */;
			buildPhases = (
				06A43E98194F952E00A78D29 /* Sources */,
				06A43E99194F952E00A78D29 /* Frameworks */,
				06A43E9A194F952E00A78D29 /* Resources */,
			);
			buildRules = (
			);
			dependencies = (
				06A43EA2194F952E00A78D29 /* PBXTargetDependency */,
			);
			name = ClassAssistantTests;
			productName = ClassAssistantTests;
			productReference = 06A43E9C194F952E00A78D29 /* ClassAssistantTests.xctest */;
			productType = "com.apple.product-type.bundle.unit-test";
		};
/* End PBXNativeTarget section */

/* Begin PBXProject section */
		06A43E79194F952E00A78D29 /* Project object */ = {
			isa = PBXProject;
			attributes = {
				LastUpgradeCheck = 0510;
				ORGANIZATIONNAME = "Caleb Bogenschutz";
				TargetAttributes = {
					06A43E9B194F952E00A78D29 = {
						TestTargetID = 06A43E80194F952E00A78D29;
					};
				};
			};
			buildConfigurationList = 06A43E7C194F952E00A78D29 /* Build configuration list for PBXProject "ClassAssistant" */;
			compatibilityVersion = "Xcode 3.2";
			developmentRegion = English;
			hasScannedForEncodings = 0;
			knownRegions = (
				en,
			);
			mainGroup = 06A43E78194F952E00A78D29;
			productRefGroup = 06A43E82194F952E00A78D29 /* Products */;
			projectDirPath = "";
			projectRoot = "";
			targets = (
				06A43E80194F952E00A78D29 /* ClassAssistant */,
				06A43E9B194F952E00A78D29 /* ClassAssistantTests */,
			);
		};
/* End PBXProject section */

/* Begin PBXResourcesBuildPhase section */
		06A43E7F194F952E00A78D29 /* Resources */ = {
			isa = PBXResourcesBuildPhase;
			buildActionMask = 2147483647;
			files = (
				0557E96F1B44EC3C005BEFAE /* CAicons-20.png in Resources */,
				0557E9621B44EC3C005BEFAE /* CAicons-7.png in Resources */,
				0557E96B1B44EC3C005BEFAE /* CAicons-16.png in Resources */,
				0557E9691B44EC3C005BEFAE /* CAicons-14.png in Resources */,
				0557E9731B44EC3C005BEFAE /* CAicons-24.png in Resources */,
				0557E9671B44EC3C005BEFAE /* CAicons-12.png in Resources */,
				0557E9751B44EC3C005BEFAE /* CAicons-26.png in Resources */,
				0557E9661B44EC3C005BEFAE /* CAicons-11.png in Resources */,
				0557E96A1B44EC3C005BEFAE /* CAicons-15.png in Resources */,
				06A43EB4194F95AA00A78D29 /* Main.storyboard in Resources */,
				0557E9631B44EC3C005BEFAE /* CAicons-8.png in Resources */,
				0557E9721B44EC3C005BEFAE /* CAicons-23.png in Resources */,
				0557E96E1B44EC3C005BEFAE /* CAicons-19.png in Resources */,
				0557E95C1B44EC3C005BEFAE /* CAicons-1.png in Resources */,
				0557E9601B44EC3C005BEFAE /* CAicons-5.png in Resources */,
				0557E9651B44EC3C005BEFAE /* CAicons-10.png in Resources */,
				0557E9641B44EC3C005BEFAE /* CAicons-9.png in Resources */,
				0557E95F1B44EC3C005BEFAE /* CAicons-4.png in Resources */,
				0557E96D1B44EC3C005BEFAE /* CAicons-18.png in Resources */,
				0557E9741B44EC3C005BEFAE /* CAicons-25.png in Resources */,
				0557E9701B44EC3C005BEFAE /* CAicons-21.png in Resources */,
				0557E95D1B44EC3C005BEFAE /* CAicons-2.png in Resources */,
				0557E9711B44EC3C005BEFAE /* CAicons-22.png in Resources */,
				0543BCCB1B241F4B006A49C5 /* calendar.png in Resources */,
				0557E9611B44EC3C005BEFAE /* CAicons-6.png in Resources */,
				06A43E8F194F952E00A78D29 /* InfoPlist.strings in Resources */,
				06A43E97194F952E00A78D29 /* Images.xcassets in Resources */,
				0557E9681B44EC3C005BEFAE /* CAicons-13.png in Resources */,
				0557E96C1B44EC3C005BEFAE /* CAicons-17.png in Resources */,
				0557E95E1B44EC3C005BEFAE /* CAicons-3.png in Resources */,
			);
			runOnlyForDeploymentPostprocessing = 0;
		};
		06A43E9A194F952E00A78D29 /* Resources */ = {
			isa = PBXResourcesBuildPhase;
			buildActionMask = 2147483647;
			files = (
				06A43EA8194F952E00A78D29 /* InfoPlist.strings in Resources */,
			);
			runOnlyForDeploymentPostprocessing = 0;
		};
/* End PBXResourcesBuildPhase section */

/* Begin PBXSourcesBuildPhase section */
		06A43E7D194F952E00A78D29 /* Sources */ = {
			isa = PBXSourcesBuildPhase;
			buildActionMask = 2147483647;
			files = (
				063FD0C91974DAB8004DFC0C /* AddItemTabBarController.m in Sources */,
				068260EE1952828200C072C2 /* ViewClassViewController.m in Sources */,
				056F29721B22910E001AE97C /* GradeIndicatorView.m in Sources */,
				055BC87C1B3884F700596CE0 /* GradeGraphView.swift in Sources */,
				06A43EBA194F98FD00A78D29 /* TableViewController.m in Sources */,
				066C2A5619A53A9E002982C4 /* EditGradeViewController.m in Sources */,
				057FD72B1B4B8BE10038E73C /* Common.m in Sources */,
				06A43E95194F952E00A78D29 /* AppDelegate.m in Sources */,
				06A43EB7194F989600A78D29 /* AddClassViewController.m in Sources */,
				059CE9021B5590C80038382E /* CourseDoc.m in Sources */,
				059CE9051B5592140038382E /* CourseDatabase.m in Sources */,
				06A43EBD194F9C5700A78D29 /* Course.m in Sources */,
				0592CC491B313E0B00522EEA /* SignUpViewController.swift in Sources */,
				0543BCC81B23FFFF006A49C5 /* AddCalendarEventViewController.m in Sources */,
				05529D641B2737DF0055ADAB /* CalendarEventsTableViewController.m in Sources */,
				057FD7281B4B89120038E73C /* CustomCellBackground.m in Sources */,
				05529D671B27B1680055ADAB /* ViewCalendarEventViewController.m in Sources */,
				05773E991B44847200021704 /* iCarousel.m in Sources */,
				0592CC471B313DF900522EEA /* LoginViewController.swift in Sources */,
				05ACC5251B4C935E0051BA38 /* CustomHeader.m in Sources */,
				06A43E91194F952E00A78D29 /* main.m in Sources */,
				058ED8D71B608D30002BFECC /* MapViewController.m in Sources */,
			);
			runOnlyForDeploymentPostprocessing = 0;
		};
		06A43E98194F952E00A78D29 /* Sources */ = {
			isa = PBXSourcesBuildPhase;
			buildActionMask = 2147483647;
			files = (
				06A43EAA194F952E00A78D29 /* ClassAssistantTests.m in Sources */,
			);
			runOnlyForDeploymentPostprocessing = 0;
		};
/* End PBXSourcesBuildPhase section */

/* Begin PBXTargetDependency section */
		06A43EA2194F952E00A78D29 /* PBXTargetDependency */ = {
			isa = PBXTargetDependency;
			target = 06A43E80194F952E00A78D29 /* ClassAssistant */;
			targetProxy = 06A43EA1194F952E00A78D29 /* PBXContainerItemProxy */;
		};
/* End PBXTargetDependency section */

/* Begin PBXVariantGroup section */
		06A43E8D194F952E00A78D29 /* InfoPlist.strings */ = {
			isa = PBXVariantGroup;
			children = (
				06A43E8E194F952E00A78D29 /* en */,
			);
			name = InfoPlist.strings;
			sourceTree = "<group>";
		};
		06A43EA6194F952E00A78D29 /* InfoPlist.strings */ = {
			isa = PBXVariantGroup;
			children = (
				06A43EA7194F952E00A78D29 /* en */,
			);
			name = InfoPlist.strings;
			sourceTree = "<group>";
		};
/* End PBXVariantGroup section */

/* Begin XCBuildConfiguration section */
		06A43EAB194F952E00A78D29 /* Debug */ = {
			isa = XCBuildConfiguration;
			buildSettings = {
				ALWAYS_SEARCH_USER_PATHS = NO;
				CLANG_CXX_LANGUAGE_STANDARD = "gnu++0x";
				CLANG_CXX_LIBRARY = "libc++";
				CLANG_ENABLE_MODULES = YES;
				CLANG_ENABLE_OBJC_ARC = YES;
				CLANG_WARN_BOOL_CONVERSION = YES;
				CLANG_WARN_CONSTANT_CONVERSION = YES;
				CLANG_WARN_DIRECT_OBJC_ISA_USAGE = YES_ERROR;
				CLANG_WARN_EMPTY_BODY = YES;
				CLANG_WARN_ENUM_CONVERSION = YES;
				CLANG_WARN_INT_CONVERSION = YES;
				CLANG_WARN_OBJC_ROOT_CLASS = YES_ERROR;
				CLANG_WARN__DUPLICATE_METHOD_MATCH = YES;
				"CODE_SIGN_IDENTITY[sdk=iphoneos*]" = "iPhone Developer";
				COPY_PHASE_STRIP = NO;
				GCC_C_LANGUAGE_STANDARD = gnu99;
				GCC_DYNAMIC_NO_PIC = NO;
				GCC_OPTIMIZATION_LEVEL = 0;
				GCC_PREPROCESSOR_DEFINITIONS = (
					"DEBUG=1",
					"$(inherited)",
				);
				GCC_SYMBOLS_PRIVATE_EXTERN = NO;
				GCC_WARN_64_TO_32_BIT_CONVERSION = YES;
				GCC_WARN_ABOUT_RETURN_TYPE = YES_ERROR;
				GCC_WARN_UNDECLARED_SELECTOR = YES;
				GCC_WARN_UNINITIALIZED_AUTOS = YES_AGGRESSIVE;
				GCC_WARN_UNUSED_FUNCTION = YES;
				GCC_WARN_UNUSED_VARIABLE = YES;
				IPHONEOS_DEPLOYMENT_TARGET = 7.1;
				ONLY_ACTIVE_ARCH = YES;
				SDKROOT = iphoneos;
			};
			name = Debug;
		};
		06A43EAC194F952E00A78D29 /* Release */ = {
			isa = XCBuildConfiguration;
			buildSettings = {
				ALWAYS_SEARCH_USER_PATHS = NO;
				CLANG_CXX_LANGUAGE_STANDARD = "gnu++0x";
				CLANG_CXX_LIBRARY = "libc++";
				CLANG_ENABLE_MODULES = YES;
				CLANG_ENABLE_OBJC_ARC = YES;
				CLANG_WARN_BOOL_CONVERSION = YES;
				CLANG_WARN_CONSTANT_CONVERSION = YES;
				CLANG_WARN_DIRECT_OBJC_ISA_USAGE = YES_ERROR;
				CLANG_WARN_EMPTY_BODY = YES;
				CLANG_WARN_ENUM_CONVERSION = YES;
				CLANG_WARN_INT_CONVERSION = YES;
				CLANG_WARN_OBJC_ROOT_CLASS = YES_ERROR;
				CLANG_WARN__DUPLICATE_METHOD_MATCH = YES;
				"CODE_SIGN_IDENTITY[sdk=iphoneos*]" = "iPhone Developer";
				COPY_PHASE_STRIP = YES;
				ENABLE_NS_ASSERTIONS = NO;
				GCC_C_LANGUAGE_STANDARD = gnu99;
				GCC_WARN_64_TO_32_BIT_CONVERSION = YES;
				GCC_WARN_ABOUT_RETURN_TYPE = YES_ERROR;
				GCC_WARN_UNDECLARED_SELECTOR = YES;
				GCC_WARN_UNINITIALIZED_AUTOS = YES_AGGRESSIVE;
				GCC_WARN_UNUSED_FUNCTION = YES;
				GCC_WARN_UNUSED_VARIABLE = YES;
				IPHONEOS_DEPLOYMENT_TARGET = 7.1;
				SDKROOT = iphoneos;
				VALIDATE_PRODUCT = YES;
			};
			name = Release;
		};
		06A43EAE194F952E00A78D29 /* Debug */ = {
			isa = XCBuildConfiguration;
			buildSettings = {
				ASSETCATALOG_COMPILER_APPICON_NAME = AppIcon;
				ASSETCATALOG_COMPILER_LAUNCHIMAGE_NAME = LaunchImage;
				CLANG_ENABLE_MODULES = YES;
				EMBEDDED_CONTENT_CONTAINS_SWIFT = YES;
				FRAMEWORK_SEARCH_PATHS = (
					"$(inherited)",
					"$(PROJECT_DIR)",
					/Users/calebbogie/Documents/FacebookSDK,
				);
				GCC_PRECOMPILE_PREFIX_HEADER = YES;
				GCC_PREFIX_HEADER = "ClassAssistant/ClassAssistant-Prefix.pch";
				INFOPLIST_FILE = "ClassAssistant/ClassAssistant-Info.plist";
				LD_RUNPATH_SEARCH_PATHS = "$(inherited) @executable_path/Frameworks";
				PRODUCT_NAME = "$(TARGET_NAME)";
				SWIFT_OBJC_BRIDGING_HEADER = "ClassAssistant-Bridging-Header.h";
				SWIFT_OPTIMIZATION_LEVEL = "-Onone";
				WRAPPER_EXTENSION = app;
			};
			name = Debug;
		};
		06A43EAF194F952E00A78D29 /* Release */ = {
			isa = XCBuildConfiguration;
			buildSettings = {
				ASSETCATALOG_COMPILER_APPICON_NAME = AppIcon;
				ASSETCATALOG_COMPILER_LAUNCHIMAGE_NAME = LaunchImage;
				CLANG_ENABLE_MODULES = YES;
				EMBEDDED_CONTENT_CONTAINS_SWIFT = YES;
				FRAMEWORK_SEARCH_PATHS = (
					"$(inherited)",
					"$(PROJECT_DIR)",
					/Users/calebbogie/Documents/FacebookSDK,
				);
				GCC_PRECOMPILE_PREFIX_HEADER = YES;
				GCC_PREFIX_HEADER = "ClassAssistant/ClassAssistant-Prefix.pch";
				INFOPLIST_FILE = "ClassAssistant/ClassAssistant-Info.plist";
				LD_RUNPATH_SEARCH_PATHS = "$(inherited) @executable_path/Frameworks";
				PRODUCT_NAME = "$(TARGET_NAME)";
				SWIFT_OBJC_BRIDGING_HEADER = "ClassAssistant-Bridging-Header.h";
				WRAPPER_EXTENSION = app;
			};
			name = Release;
		};
		06A43EB1194F952E00A78D29 /* Debug */ = {
			isa = XCBuildConfiguration;
			buildSettings = {
				BUNDLE_LOADER = "$(BUILT_PRODUCTS_DIR)/ClassAssistant.app/ClassAssistant";
				FRAMEWORK_SEARCH_PATHS = (
					"$(SDKROOT)/Developer/Library/Frameworks",
					"$(inherited)",
					"$(DEVELOPER_FRAMEWORKS_DIR)",
				);
				GCC_PRECOMPILE_PREFIX_HEADER = YES;
				GCC_PREFIX_HEADER = "ClassAssistant/ClassAssistant-Prefix.pch";
				GCC_PREPROCESSOR_DEFINITIONS = (
					"DEBUG=1",
					"$(inherited)",
				);
				INFOPLIST_FILE = "ClassAssistantTests/ClassAssistantTests-Info.plist";
				PRODUCT_NAME = "$(TARGET_NAME)";
				TEST_HOST = "$(BUNDLE_LOADER)";
				WRAPPER_EXTENSION = xctest;
			};
			name = Debug;
		};
		06A43EB2194F952E00A78D29 /* Release */ = {
			isa = XCBuildConfiguration;
			buildSettings = {
				BUNDLE_LOADER = "$(BUILT_PRODUCTS_DIR)/ClassAssistant.app/ClassAssistant";
				FRAMEWORK_SEARCH_PATHS = (
					"$(SDKROOT)/Developer/Library/Frameworks",
					"$(inherited)",
					"$(DEVELOPER_FRAMEWORKS_DIR)",
				);
				GCC_PRECOMPILE_PREFIX_HEADER = YES;
				GCC_PREFIX_HEADER = "ClassAssistant/ClassAssistant-Prefix.pch";
				INFOPLIST_FILE = "ClassAssistantTests/ClassAssistantTests-Info.plist";
				PRODUCT_NAME = "$(TARGET_NAME)";
				TEST_HOST = "$(BUNDLE_LOADER)";
				WRAPPER_EXTENSION = xctest;
			};
			name = Release;
		};
/* End XCBuildConfiguration section */

/* Begin XCConfigurationList section */
		06A43E7C194F952E00A78D29 /* Build configuration list for PBXProject "ClassAssistant" */ = {
			isa = XCConfigurationList;
			buildConfigurations = (
				06A43EAB194F952E00A78D29 /* Debug */,
				06A43EAC194F952E00A78D29 /* Release */,
			);
			defaultConfigurationIsVisible = 0;
			defaultConfigurationName = Release;
		};
		06A43EAD194F952E00A78D29 /* Build configuration list for PBXNativeTarget "ClassAssistant" */ = {
			isa = XCConfigurationList;
			buildConfigurations = (
				06A43EAE194F952E00A78D29 /* Debug */,
				06A43EAF194F952E00A78D29 /* Release */,
			);
			defaultConfigurationIsVisible = 0;
			defaultConfigurationName = Release;
		};
		06A43EB0194F952E00A78D29 /* Build configuration list for PBXNativeTarget "ClassAssistantTests" */ = {
			isa = XCConfigurationList;
			buildConfigurations = (
				06A43EB1194F952E00A78D29 /* Debug */,
				06A43EB2194F952E00A78D29 /* Release */,
			);
			defaultConfigurationIsVisible = 0;
			defaultConfigurationName = Release;
		};
/* End XCConfigurationList section */
	};
	rootObject = 06A43E79194F952E00A78D29 /* Project object */;
}
